// !$*UTF8*$!
{
	archiveVersion = 1;
	classes = {
	};
	objectVersion = 50;
	objects = {

/* Begin PBXBuildFile section */
		CA98E13720E0AA330001DF03 /* AppDelegate.swift in Sources */ = {isa = PBXBuildFile; fileRef = CA98E13620E0AA330001DF03 /* AppDelegate.swift */; };
		CA98E13920E0AA330001DF03 /* ViewController.swift in Sources */ = {isa = PBXBuildFile; fileRef = CA98E13820E0AA330001DF03 /* ViewController.swift */; };
		CA98E13C20E0AA330001DF03 /* Main.storyboard in Resources */ = {isa = PBXBuildFile; fileRef = CA98E13A20E0AA330001DF03 /* Main.storyboard */; };
		CA98E13E20E0AA340001DF03 /* Assets.xcassets in Resources */ = {isa = PBXBuildFile; fileRef = CA98E13D20E0AA340001DF03 /* Assets.xcassets */; };
		CA98E14120E0AA340001DF03 /* LaunchScreen.storyboard in Resources */ = {isa = PBXBuildFile; fileRef = CA98E13F20E0AA340001DF03 /* LaunchScreen.storyboard */; };
		CA98E14920E1EA4A0001DF03 /* Stopwatch.swift in Sources */ = {isa = PBXBuildFile; fileRef = CA98E14820E1EA4A0001DF03 /* Stopwatch.swift */; };
		CA98E14D20E1EFC50001DF03 /* LapCell.swift in Sources */ = {isa = PBXBuildFile; fileRef = CA98E14C20E1EFC50001DF03 /* LapCell.swift */; };
/* End PBXBuildFile section */

/* Begin PBXFileReference section */
		CA98E13320E0AA320001DF03 /* Stopwatch-App.app */ = {isa = PBXFileReference; explicitFileType = wrapper.application; includeInIndex = 0; path = "Stopwatch-App.app"; sourceTree = BUILT_PRODUCTS_DIR; };
		CA98E13620E0AA330001DF03 /* AppDelegate.swift */ = {isa = PBXFileReference; lastKnownFileType = sourcecode.swift; path = AppDelegate.swift; sourceTree = "<group>"; };
		CA98E13820E0AA330001DF03 /* ViewController.swift */ = {isa = PBXFileReference; lastKnownFileType = sourcecode.swift; path = ViewController.swift; sourceTree = "<group>"; };
		CA98E13B20E0AA330001DF03 /* Base */ = {isa = PBXFileReference; lastKnownFileType = file.storyboard; name = Base; path = Base.lproj/Main.storyboard; sourceTree = "<group>"; };
		CA98E13D20E0AA340001DF03 /* Assets.xcassets */ = {isa = PBXFileReference; lastKnownFileType = folder.assetcatalog; path = Assets.xcassets; sourceTree = "<group>"; };
		CA98E14020E0AA340001DF03 /* Base */ = {isa = PBXFileReference; lastKnownFileType = file.storyboard; name = Base; path = Base.lproj/LaunchScreen.storyboard; sourceTree = "<group>"; };
		CA98E14220E0AA340001DF03 /* Info.plist */ = {isa = PBXFileReference; lastKnownFileType = text.plist.xml; path = Info.plist; sourceTree = "<group>"; };
		CA98E14820E1EA4A0001DF03 /* Stopwatch.swift */ = {isa = PBXFileReference; lastKnownFileType = sourcecode.swift; path = Stopwatch.swift; sourceTree = "<group>"; };
		CA98E14C20E1EFC50001DF03 /* LapCell.swift */ = {isa = PBXFileReference; lastKnownFileType = sourcecode.swift; path = LapCell.swift; sourceTree = "<group>"; };
/* End PBXFileReference section */

/* Begin PBXFrameworksBuildPhase section */
		CA98E13020E0AA320001DF03 /* Frameworks */ = {
			isa = PBXFrameworksBuildPhase;
			buildActionMask = 2147483647;
			files = (
			);
			runOnlyForDeploymentPostprocessing = 0;
		};
/* End PBXFrameworksBuildPhase section */

/* Begin PBXGroup section */
		CA98E12A20E0AA320001DF03 = {
			isa = PBXGroup;
			children = (
				CA98E13520E0AA320001DF03 /* Stopwatch-App */,
				CA98E13420E0AA320001DF03 /* Products */,
			);
			sourceTree = "<group>";
		};
		CA98E13420E0AA320001DF03 /* Products */ = {
			isa = PBXGroup;
			children = (
				CA98E13320E0AA320001DF03 /* Stopwatch-App.app */,
			);
			name = Products;
			sourceTree = "<group>";
		};
		CA98E13520E0AA320001DF03 /* Stopwatch-App */ = {
			isa = PBXGroup;
			children = (
				CA98E14B20E1EBA70001DF03 /* Controller */,
				CA98E14A20E1EB9D0001DF03 /* Model */,
				CA98E14E20E1F5770001DF03 /* View */,
				CA98E13A20E0AA330001DF03 /* Main.storyboard */,
				CA98E13D20E0AA340001DF03 /* Assets.xcassets */,
				CA98E14220E0AA340001DF03 /* Info.plist */,
			);
			path = "Stopwatch-App";
			sourceTree = "<group>";
		};
		CA98E14A20E1EB9D0001DF03 /* Model */ = {
			isa = PBXGroup;
			children = (
				CA98E14820E1EA4A0001DF03 /* Stopwatch.swift */,
			);
			path = Model;
			sourceTree = "<group>";
		};
		CA98E14B20E1EBA70001DF03 /* Controller */ = {
			isa = PBXGroup;
			children = (
				CA98E13620E0AA330001DF03 /* AppDelegate.swift */,
				CA98E13820E0AA330001DF03 /* ViewController.swift */,
			);
			path = Controller;
			sourceTree = "<group>";
		};
		CA98E14E20E1F5770001DF03 /* View */ = {
			isa = PBXGroup;
			children = (
				CA98E13F20E0AA340001DF03 /* LaunchScreen.storyboard */,
				CA98E14C20E1EFC50001DF03 /* LapCell.swift */,
			);
			path = View;
			sourceTree = "<group>";
		};
/* End PBXGroup section */

/* Begin PBXNativeTarget section */
		CA98E13220E0AA320001DF03 /* Stopwatch-App */ = {
			isa = PBXNativeTarget;
			buildConfigurationList = CA98E14520E0AA340001DF03 /* Build configuration list for PBXNativeTarget "Stopwatch-App" */;
			buildPhases = (
				CA98E12F20E0AA320001DF03 /* Sources */,
				CA98E13020E0AA320001DF03 /* Frameworks */,
				CA98E13120E0AA320001DF03 /* Resources */,
			);
			buildRules = (
			);
			dependencies = (
			);
			name = "Stopwatch-App";
			productName = "Stopwatch-App";
			productReference = CA98E13320E0AA320001DF03 /* Stopwatch-App.app */;
			productType = "com.apple.product-type.application";
		};
/* End PBXNativeTarget section */

/* Begin PBXProject section */
		CA98E12B20E0AA320001DF03 /* Project object */ = {
			isa = PBXProject;
			attributes = {
				LastSwiftUpdateCheck = 0940;
				LastUpgradeCheck = 0940;
				ORGANIZATIONNAME = "Afiq Ramli";
				TargetAttributes = {
					CA98E13220E0AA320001DF03 = {
						CreatedOnToolsVersion = 9.4.1;
					};
				};
			};
			buildConfigurationList = CA98E12E20E0AA320001DF03 /* Build configuration list for PBXProject "Stopwatch-App" */;
			compatibilityVersion = "Xcode 9.3";
			developmentRegion = en;
			hasScannedForEncodings = 0;
			knownRegions = (
				en,
				Base,
			);
			mainGroup = CA98E12A20E0AA320001DF03;
			productRefGroup = CA98E13420E0AA320001DF03 /* Products */;
			projectDirPath = "";
			projectRoot = "";
			targets = (
				CA98E13220E0AA320001DF03 /* Stopwatch-App */,
			);
		};
/* End PBXProject section */

/* Begin PBXResourcesBuildPhase section */
		CA98E13120E0AA320001DF03 /* Resources */ = {
			isa = PBXResourcesBuildPhase;
			buildActionMask = 2147483647;
			files = (
				CA98E14120E0AA340001DF03 /* LaunchScreen.storyboard in Resources */,
				CA98E13E20E0AA340001DF03 /* Assets.xcassets in Resources */,
				CA98E13C20E0AA330001DF03 /* Main.storyboard in Resources */,
			);
			runOnlyForDeploymentPostprocessing = 0;
		};
/* End PBXResourcesBuildPhase section */

/* Begin PBXSourcesBuildPhase section */
		CA98E12F20E0AA320001DF03 /* Sources */ = {
			isa = PBXSourcesBuildPhase;
			buildActionMask = 2147483647;
			files = (
				CA98E13920E0AA330001DF03 /* ViewController.swift in Sources */,
				CA98E14D20E1EFC50001DF03 /* LapCell.swift in Sources */,
				CA98E14920E1EA4A0001DF03 /* Stopwatch.swift in Sources */,
				CA98E13720E0AA330001DF03 /* AppDelegate.swift in Sources */,
			);
			runOnlyForDeploymentPostprocessing = 0;
		};
/* End PBXSourcesBuildPhase section */

/* Begin PBXVariantGroup section */
		CA98E13A20E0AA330001DF03 /* Main.storyboard */ = {
			isa = PBXVariantGroup;
			children = (
				CA98E13B20E0AA330001DF03 /* Base */,
			);
			name = Main.storyboard;
			sourceTree = "<group>";
		};
		CA98E13F20E0AA340001DF03 /* LaunchScreen.storyboard */ = {
			isa = PBXVariantGroup;
			children = (
				CA98E14020E0AA340001DF03 /* Base */,
			);
			name = LaunchScreen.storyboard;
			sourceTree = "<group>";
		};
/* End PBXVariantGroup section */

/* Begin XCBuildConfiguration section */
		CA98E14320E0AA340001DF03 /* Debug */ = {
			isa = XCBuildConfiguration;
			buildSettings = {
				ALWAYS_SEARCH_USER_PATHS = NO;
				CLANG_ANALYZER_NONNULL = YES;
				CLANG_ANALYZER_NUMBER_OBJECT_CONVERSION = YES_AGGRESSIVE;
				CLANG_CXX_LANGUAGE_STANDARD = "gnu++14";
				CLANG_CXX_LIBRARY = "libc++";
				CLANG_ENABLE_MODULES = YES;
				CLANG_ENABLE_OBJC_ARC = YES;
				CLANG_ENABLE_OBJC_WEAK = YES;
				CLANG_WARN_BLOCK_CAPTURE_AUTORELEASING = YES;
				CLANG_WARN_BOOL_CONVERSION = YES;
				CLANG_WARN_COMMA = YES;
				CLANG_WARN_CONSTANT_CONVERSION = YES;
				CLANG_WARN_DEPRECATED_OBJC_IMPLEMENTATIONS = YES;
				CLANG_WARN_DIRECT_OBJC_ISA_USAGE = YES_ERROR;
				CLANG_WARN_DOCUMENTATION_COMMENTS = YES;
				CLANG_WARN_EMPTY_BODY = YES;
				CLANG_WARN_ENUM_CONVERSION = YES;
				CLANG_WARN_INFINITE_RECURSION = YES;
				CLANG_WARN_INT_CONVERSION = YES;
				CLANG_WARN_NON_LITERAL_NULL_CONVERSION = YES;
				CLANG_WARN_OBJC_IMPLICIT_RETAIN_SELF = YES;
				CLANG_WARN_OBJC_LITERAL_CONVERSION = YES;
				CLANG_WARN_OBJC_ROOT_CLASS = YES_ERROR;
				CLANG_WARN_RANGE_LOOP_ANALYSIS = YES;
				CLANG_WARN_STRICT_PROTOTYPES = YES;
				CLANG_WARN_SUSPICIOUS_MOVE = YES;
				CLANG_WARN_UNGUARDED_AVAILABILITY = YES_AGGRESSIVE;
				CLANG_WARN_UNREACHABLE_CODE = YES;
				CLANG_WARN__DUPLICATE_METHOD_MATCH = YES;
				CODE_SIGN_IDENTITY = "iPhone Developer";
				COPY_PHASE_STRIP = NO;
				DEBUG_INFORMATION_FORMAT = dwarf;
				ENABLE_STRICT_OBJC_MSGSEND = YES;
				ENABLE_TESTABILITY = YES;
				GCC_C_LANGUAGE_STANDARD = gnu11;
				GCC_DYNAMIC_NO_PIC = NO;
				GCC_NO_COMMON_BLOCKS = YES;
				GCC_OPTIMIZATION_LEVEL = 0;
				GCC_PREPROCESSOR_DEFINITIONS = (
					"DEBUG=1",
					"$(inherited)",
				);
				GCC_WARN_64_TO_32_BIT_CONVERSION = YES;
				GCC_WARN_ABOUT_RETURN_TYPE = YES_ERROR;
				GCC_WARN_UNDECLARED_SELECTOR = YES;
				GCC_WARN_UNINITIALIZED_AUTOS = YES_AGGRESSIVE;
				GCC_WARN_UNUSED_FUNCTION = YES;
				GCC_WARN_UNUSED_VARIABLE = YES;
				IPHONEOS_DEPLOYMENT_TARGET = 11.4;
				MTL_ENABLE_DEBUG_INFO = YES;
				ONLY_ACTIVE_ARCH = YES;
				SDKROOT = iphoneos;
				SWIFT_ACTIVE_COMPILATION_CONDITIONS = DEBUG;
				SWIFT_OPTIMIZATION_LEVEL = "-Onone";
			};
			name = Debug;
		};
		CA98E14420E0AA340001DF03 /* Release */ = {
			isa = XCBuildConfiguration;
			buildSettings = {
				ALWAYS_SEARCH_USER_PATHS = NO;
				CLANG_ANALYZER_NONNULL = YES;
				CLANG_ANALYZER_NUMBER_OBJECT_CONVERSION = YES_AGGRESSIVE;
				CLANG_CXX_LANGUAGE_STANDARD = "gnu++14";
				CLANG_CXX_LIBRARY = "libc++";
				CLANG_ENABLE_MODULES = YES;
				CLANG_ENABLE_OBJC_ARC = YES;
				CLANG_ENABLE_OBJC_WEAK = YES;
				CLANG_WARN_BLOCK_CAPTURE_AUTORELEASING = YES;
				CLANG_WARN_BOOL_CONVERSION = YES;
				CLANG_WARN_COMMA = YES;
				CLANG_WARN_CONSTANT_CONVERSION = YES;
				CLANG_WARN_DEPRECATED_OBJC_IMPLEMENTATIONS = YES;
				CLANG_WARN_DIRECT_OBJC_ISA_USAGE = YES_ERROR;
				CLANG_WARN_DOCUMENTATION_COMMENTS = YES;
				CLANG_WARN_EMPTY_BODY = YES;
				CLANG_WARN_ENUM_CONVERSION = YES;
				CLANG_WARN_INFINITE_RECURSION = YES;
				CLANG_WARN_INT_CONVERSION = YES;
				CLANG_WARN_NON_LITERAL_NULL_CONVERSION = YES;
				CLANG_WARN_OBJC_IMPLICIT_RETAIN_SELF = YES;
				CLANG_WARN_OBJC_LITERAL_CONVERSION = YES;
				CLANG_WARN_OBJC_ROOT_CLASS = YES_ERROR;
				CLANG_WARN_RANGE_LOOP_ANALYSIS = YES;
				CLANG_WARN_STRICT_PROTOTYPES = YES;
				CLANG_WARN_SUSPICIOUS_MOVE = YES;
				CLANG_WARN_UNGUARDED_AVAILABILITY = YES_AGGRESSIVE;
				CLANG_WARN_UNREACHABLE_CODE = YES;
				CLANG_WARN__DUPLICATE_METHOD_MATCH = YES;
				CODE_SIGN_IDENTITY = "iPhone Developer";
				COPY_PHASE_STRIP = NO;
				DEBUG_INFORMATION_FORMAT = "dwarf-with-dsym";
				ENABLE_NS_ASSERTIONS = NO;
				ENABLE_STRICT_OBJC_MSGSEND = YES;
				GCC_C_LANGUAGE_STANDARD = gnu11;
				GCC_NO_COMMON_BLOCKS = YES;
				GCC_WARN_64_TO_32_BIT_CONVERSION = YES;
				GCC_WARN_ABOUT_RETURN_TYPE = YES_ERROR;
				GCC_WARN_UNDECLARED_SELECTOR = YES;
				GCC_WARN_UNINITIALIZED_AUTOS = YES_AGGRESSIVE;
				GCC_WARN_UNUSED_FUNCTION = YES;
				GCC_WARN_UNUSED_VARIABLE = YES;
				IPHONEOS_DEPLOYMENT_TARGET = 11.4;
				MTL_ENABLE_DEBUG_INFO = NO;
				SDKROOT = iphoneos;
				SWIFT_COMPILATION_MODE = wholemodule;
				SWIFT_OPTIMIZATION_LEVEL = "-O";
				VALIDATE_PRODUCT = YES;
			};
			name = Release;
		};
		CA98E14620E0AA340001DF03 /* Debug */ = {
			isa = XCBuildConfiguration;
			buildSettings = {
				ASSETCATALOG_COMPILER_APPICON_NAME = AppIcon;
				CODE_SIGN_STYLE = Automatic;
				INFOPLIST_FILE = "Stopwatch-App/Info.plist";
				LD_RUNPATH_SEARCH_PATHS = (
					"$(inherited)",
					"@executable_path/Frameworks",
				);
				PRODUCT_BUNDLE_IDENTIFIER = "com.afiqramli.Stopwatch-App";
				PRODUCT_NAME = "$(TARGET_NAME)";
				SWIFT_VERSION = 4.0;
				TARGETED_DEVICE_FAMILY = "1,2";
			};
			name = Debug;
		};
		CA98E14720E0AA340001DF03 /* Release */ = {
			isa = XCBuildConfiguration;
			buildSettings = {
				ASSETCATALOG_COMPILER_APPICON_NAME = AppIcon;
				CODE_SIGN_STYLE = Automatic;
				INFOPLIST_FILE = "Stopwatch-App/Info.plist";
				LD_RUNPATH_SEARCH_PATHS = (
					"$(inherited)",
					"@executable_path/Frameworks",
				);
				PRODUCT_BUNDLE_IDENTIFIER = "com.afiqramli.Stopwatch-App";
				PRODUCT_NAME = "$(TARGET_NAME)";
				SWIFT_VERSION = 4.0;
				TARGETED_DEVICE_FAMILY = "1,2";
			};
			name = Release;
		};
/* End XCBuildConfiguration section */

/* Begin XCConfigurationList section */
		CA98E12E20E0AA320001DF03 /* Build configuration list for PBXProject "Stopwatch-App" */ = {
			isa = XCConfigurationList;
			buildConfigurations = (
				CA98E14320E0AA340001DF03 /* Debug */,
				CA98E14420E0AA340001DF03 /* Release */,
			);
			defaultConfigurationIsVisible = 0;
			defaultConfigurationName = Release;
		};
		CA98E14520E0AA340001DF03 /* Build configuration list for PBXNativeTarget "Stopwatch-App" */ = {
			isa = XCConfigurationList;
			buildConfigurations = (
				CA98E14620E0AA340001DF03 /* Debug */,
				CA98E14720E0AA340001DF03 /* Release */,
			);
			defaultConfigurationIsVisible = 0;
			defaultConfigurationName = Release;
		};
/* End XCConfigurationList section */
	};
	rootObject = CA98E12B20E0AA320001DF03 /* Project object */;
}
